
Microsoft Visual Studio Solution File, Format Version 12.00
# Visual Studio Version 17
VisualStudioVersion = 17.13.35818.85 d17.13
MinimumVisualStudioVersion = 10.0.40219.1
Project("{FAE04EC0-301F-11D3-BF4B-00C04F79EFBC}") = "ConsoleApp2", "ConsoleApp2\ConsoleApp2.csproj", "{05622E88-7A79-45B5-8F40-19FD8ED43BE8}"
EndProject
Global
	GlobalSection(SolutionConfigurationPlatforms) = preSolution
		Debug|Any CPU = Debug|Any CPU
		Release|Any CPU = Release|Any CPU
	EndGlobalSection
	GlobalSection(ProjectConfigurationPlatforms) = postSolution
		{05622E88-7A79-45B5-8F40-19FD8ED43BE8}.Debug|Any CPU.ActiveCfg = Debug|Any CPU
		{05622E88-7A79-45B5-8F40-19FD8ED43BE8}.Debug|Any CPU.Build.0 = Debug|Any CPU
		{05622E88-7A79-45B5-8F40-19FD8ED43BE8}.Release|Any CPU.ActiveCfg = Release|Any CPU
		{05622E88-7A79-45B5-8F40-19FD8ED43BE8}.Release|Any CPU.Build.0 = Release|Any CPU
	EndGlobalSection
	GlobalSection(SolutionProperties) = preSolution
		HideSolutionNode = FALSE
	EndGlobalSection
	GlobalSection(ExtensibilityGlobals) = postSolution
		SolutionGuid = {76A53CAC-A6C0-4B1D-B937-ED18962928EF}
	EndGlobalSection
EndGlobal
