
Microsoft Visual Studio Solution File, Format Version 12.00
# Visual Studio Version 17
VisualStudioVersion = 17.13.35818.85 d17.13
MinimumVisualStudioVersion = 10.0.40219.1
Project("{FAE04EC0-301F-11D3-BF4B-00C04F79EFBC}") = "ConsoleApp1", "ConsoleApp1\ConsoleApp1.csproj", "{BA99F820-7C1D-4B7A-A147-4D3767D82F1C}"
EndProject
Global
	GlobalSection(SolutionConfigurationPlatforms) = preSolution
		Debug|Any CPU = Debug|Any CPU
		Release|Any CPU = Release|Any CPU
	EndGlobalSection
	GlobalSection(ProjectConfigurationPlatforms) = postSolution
		{BA99F820-7C1D-4B7A-A147-4D3767D82F1C}.Debug|Any CPU.ActiveCfg = Debug|Any CPU
		{BA99F820-7C1D-4B7A-A147-4D3767D82F1C}.Debug|Any CPU.Build.0 = Debug|Any CPU
		{BA99F820-7C1D-4B7A-A147-4D3767D82F1C}.Release|Any CPU.ActiveCfg = Release|Any CPU
		{BA99F820-7C1D-4B7A-A147-4D3767D82F1C}.Release|Any CPU.Build.0 = Release|Any CPU
	EndGlobalSection
	GlobalSection(SolutionProperties) = preSolution
		HideSolutionNode = FALSE
	EndGlobalSection
	GlobalSection(ExtensibilityGlobals) = postSolution
		SolutionGuid = {883BB485-AD37-49CA-AD56-287452080253}
	EndGlobalSection
EndGlobal
